// !$*UTF8*$!
{
	archiveVersion = 1;
	classes = {
	};
	objectVersion = 55;
	objects = {

/* Begin PBXBuildFile section */
		1409E74E288E56B40067D929 /* AppDelegate.swift in Sources */ = {isa = PBXBuildFile; fileRef = 1409E74D288E56B40067D929 /* AppDelegate.swift */; };
		1409E750288E56B40067D929 /* SceneDelegate.swift in Sources */ = {isa = PBXBuildFile; fileRef = 1409E74F288E56B40067D929 /* SceneDelegate.swift */; };
		1409E752288E56B40067D929 /* ViewController.swift in Sources */ = {isa = PBXBuildFile; fileRef = 1409E751288E56B40067D929 /* ViewController.swift */; };
		1409E755288E56B40067D929 /* Main.storyboard in Resources */ = {isa = PBXBuildFile; fileRef = 1409E753288E56B40067D929 /* Main.storyboard */; };
		1409E757288E56B60067D929 /* Assets.xcassets in Resources */ = {isa = PBXBuildFile; fileRef = 1409E756288E56B60067D929 /* Assets.xcassets */; };
		1409E75A288E56B60067D929 /* LaunchScreen.storyboard in Resources */ = {isa = PBXBuildFile; fileRef = 1409E758288E56B60067D929 /* LaunchScreen.storyboard */; };
		1409E765288E56B60067D929 /* UIKitMVVMTests.swift in Sources */ = {isa = PBXBuildFile; fileRef = 1409E764288E56B60067D929 /* UIKitMVVMTests.swift */; };
		1409E76F288E56B60067D929 /* UIKitMVVMUITests.swift in Sources */ = {isa = PBXBuildFile; fileRef = 1409E76E288E56B60067D929 /* UIKitMVVMUITests.swift */; };
		1409E771288E56B60067D929 /* UIKitMVVMUITestsLaunchTests.swift in Sources */ = {isa = PBXBuildFile; fileRef = 1409E770288E56B60067D929 /* UIKitMVVMUITestsLaunchTests.swift */; };
		1409E79B288E58CD0067D929 /* CodableDefault.swift in Sources */ = {isa = PBXBuildFile; fileRef = 1409E788288E58CD0067D929 /* CodableDefault.swift */; };
		1409E79C288E58CD0067D929 /* Resolver.swift in Sources */ = {isa = PBXBuildFile; fileRef = 1409E789288E58CD0067D929 /* Resolver.swift */; };
		1409E79D288E58CD0067D929 /* ArticleService.swift in Sources */ = {isa = PBXBuildFile; fileRef = 1409E78B288E58CD0067D929 /* ArticleService.swift */; };
		1409E79E288E58CD0067D929 /* searchArticles.json in Resources */ = {isa = PBXBuildFile; fileRef = 1409E78E288E58CD0067D929 /* searchArticles.json */; };
		1409E79F288E58CD0067D929 /* RestAPI.swift in Sources */ = {isa = PBXBuildFile; fileRef = 1409E78F288E58CD0067D929 /* RestAPI.swift */; };
		1409E7A0288E58CD0067D929 /* ArticleAPI.swift in Sources */ = {isa = PBXBuildFile; fileRef = 1409E791288E58CD0067D929 /* ArticleAPI.swift */; };
		1409E7A2288E58CD0067D929 /* NetworkConfig.swift in Sources */ = {isa = PBXBuildFile; fileRef = 1409E798288E58CD0067D929 /* NetworkConfig.swift */; };
		1409E7A3288E58CD0067D929 /* Article.swift in Sources */ = {isa = PBXBuildFile; fileRef = 1409E79A288E58CD0067D929 /* Article.swift */; };
		1409E7A6288E592A0067D929 /* Swinet in Frameworks */ = {isa = PBXBuildFile; productRef = 1409E7A5288E592A0067D929 /* Swinet */; };
		1409E7A9288E59790067D929 /* ArticleListViewModel.swift in Sources */ = {isa = PBXBuildFile; fileRef = 1409E7A8288E59790067D929 /* ArticleListViewModel.swift */; };
		1409E7AB288E59BC0067D929 /* ArticleListViewController.swift in Sources */ = {isa = PBXBuildFile; fileRef = 1409E7AA288E59BC0067D929 /* ArticleListViewController.swift */; };
		1409E7AD288E59E50067D929 /* Article.storyboard in Resources */ = {isa = PBXBuildFile; fileRef = 1409E7AC288E59E50067D929 /* Article.storyboard */; };
		1409E7B0288E5A7D0067D929 /* ArticleTableViewCell.swift in Sources */ = {isa = PBXBuildFile; fileRef = 1409E7AF288E5A7D0067D929 /* ArticleTableViewCell.swift */; };
		1409E7B2288E5F550067D929 /* ArticleNavigator.swift in Sources */ = {isa = PBXBuildFile; fileRef = 1409E7B1288E5F550067D929 /* ArticleNavigator.swift */; };
		1409E7B5288E69B70067D929 /* CombineCocoa in Frameworks */ = {isa = PBXBuildFile; productRef = 1409E7B4288E69B70067D929 /* CombineCocoa */; };
/* End PBXBuildFile section */

/* Begin PBXContainerItemProxy section */
		1409E761288E56B60067D929 /* PBXContainerItemProxy */ = {
			isa = PBXContainerItemProxy;
			containerPortal = 1409E742288E56B40067D929 /* Project object */;
			proxyType = 1;
			remoteGlobalIDString = 1409E749288E56B40067D929;
			remoteInfo = UIKitMVVM;
		};
		1409E76B288E56B60067D929 /* PBXContainerItemProxy */ = {
			isa = PBXContainerItemProxy;
			containerPortal = 1409E742288E56B40067D929 /* Project object */;
			proxyType = 1;
			remoteGlobalIDString = 1409E749288E56B40067D929;
			remoteInfo = UIKitMVVM;
		};
/* End PBXContainerItemProxy section */

/* Begin PBXFileReference section */
		1409E74A288E56B40067D929 /* UIKitMVVM.app */ = {isa = PBXFileReference; explicitFileType = wrapper.application; includeInIndex = 0; path = UIKitMVVM.app; sourceTree = BUILT_PRODUCTS_DIR; };
		1409E74D288E56B40067D929 /* AppDelegate.swift */ = {isa = PBXFileReference; lastKnownFileType = sourcecode.swift; path = AppDelegate.swift; sourceTree = "<group>"; };
		1409E74F288E56B40067D929 /* SceneDelegate.swift */ = {isa = PBXFileReference; lastKnownFileType = sourcecode.swift; path = SceneDelegate.swift; sourceTree = "<group>"; };
		1409E751288E56B40067D929 /* ViewController.swift */ = {isa = PBXFileReference; lastKnownFileType = sourcecode.swift; path = ViewController.swift; sourceTree = "<group>"; };
		1409E754288E56B40067D929 /* Base */ = {isa = PBXFileReference; lastKnownFileType = file.storyboard; name = Base; path = Base.lproj/Main.storyboard; sourceTree = "<group>"; };
		1409E756288E56B60067D929 /* Assets.xcassets */ = {isa = PBXFileReference; lastKnownFileType = folder.assetcatalog; path = Assets.xcassets; sourceTree = "<group>"; };
		1409E759288E56B60067D929 /* Base */ = {isa = PBXFileReference; lastKnownFileType = file.storyboard; name = Base; path = Base.lproj/LaunchScreen.storyboard; sourceTree = "<group>"; };
		1409E75B288E56B60067D929 /* Info.plist */ = {isa = PBXFileReference; lastKnownFileType = text.plist.xml; path = Info.plist; sourceTree = "<group>"; };
		1409E760288E56B60067D929 /* UIKitMVVMTests.xctest */ = {isa = PBXFileReference; explicitFileType = wrapper.cfbundle; includeInIndex = 0; path = UIKitMVVMTests.xctest; sourceTree = BUILT_PRODUCTS_DIR; };
		1409E764288E56B60067D929 /* UIKitMVVMTests.swift */ = {isa = PBXFileReference; lastKnownFileType = sourcecode.swift; path = UIKitMVVMTests.swift; sourceTree = "<group>"; };
		1409E76A288E56B60067D929 /* UIKitMVVMUITests.xctest */ = {isa = PBXFileReference; explicitFileType = wrapper.cfbundle; includeInIndex = 0; path = UIKitMVVMUITests.xctest; sourceTree = BUILT_PRODUCTS_DIR; };
		1409E76E288E56B60067D929 /* UIKitMVVMUITests.swift */ = {isa = PBXFileReference; lastKnownFileType = sourcecode.swift; path = UIKitMVVMUITests.swift; sourceTree = "<group>"; };
		1409E770288E56B60067D929 /* UIKitMVVMUITestsLaunchTests.swift */ = {isa = PBXFileReference; lastKnownFileType = sourcecode.swift; path = UIKitMVVMUITestsLaunchTests.swift; sourceTree = "<group>"; };
		1409E788288E58CD0067D929 /* CodableDefault.swift */ = {isa = PBXFileReference; fileEncoding = 4; lastKnownFileType = sourcecode.swift; path = CodableDefault.swift; sourceTree = "<group>"; };
		1409E789288E58CD0067D929 /* Resolver.swift */ = {isa = PBXFileReference; fileEncoding = 4; lastKnownFileType = sourcecode.swift; path = Resolver.swift; sourceTree = "<group>"; };
		1409E78B288E58CD0067D929 /* ArticleService.swift */ = {isa = PBXFileReference; fileEncoding = 4; lastKnownFileType = sourcecode.swift; path = ArticleService.swift; sourceTree = "<group>"; };
		1409E78E288E58CD0067D929 /* searchArticles.json */ = {isa = PBXFileReference; fileEncoding = 4; lastKnownFileType = text.json; path = searchArticles.json; sourceTree = "<group>"; };
		1409E78F288E58CD0067D929 /* RestAPI.swift */ = {isa = PBXFileReference; fileEncoding = 4; lastKnownFileType = sourcecode.swift; path = RestAPI.swift; sourceTree = "<group>"; };
		1409E791288E58CD0067D929 /* ArticleAPI.swift */ = {isa = PBXFileReference; fileEncoding = 4; lastKnownFileType = sourcecode.swift; path = ArticleAPI.swift; sourceTree = "<group>"; };
		1409E798288E58CD0067D929 /* NetworkConfig.swift */ = {isa = PBXFileReference; fileEncoding = 4; lastKnownFileType = sourcecode.swift; path = NetworkConfig.swift; sourceTree = "<group>"; };
		1409E79A288E58CD0067D929 /* Article.swift */ = {isa = PBXFileReference; fileEncoding = 4; lastKnownFileType = sourcecode.swift; path = Article.swift; sourceTree = "<group>"; };
		1409E7A8288E59790067D929 /* ArticleListViewModel.swift */ = {isa = PBXFileReference; lastKnownFileType = sourcecode.swift; path = ArticleListViewModel.swift; sourceTree = "<group>"; };
		1409E7AA288E59BC0067D929 /* ArticleListViewController.swift */ = {isa = PBXFileReference; lastKnownFileType = sourcecode.swift; path = ArticleListViewController.swift; sourceTree = "<group>"; };
		1409E7AC288E59E50067D929 /* Article.storyboard */ = {isa = PBXFileReference; lastKnownFileType = file.storyboard; path = Article.storyboard; sourceTree = "<group>"; };
		1409E7AF288E5A7D0067D929 /* ArticleTableViewCell.swift */ = {isa = PBXFileReference; lastKnownFileType = sourcecode.swift; path = ArticleTableViewCell.swift; sourceTree = "<group>"; };
		1409E7B1288E5F550067D929 /* ArticleNavigator.swift */ = {isa = PBXFileReference; lastKnownFileType = sourcecode.swift; path = ArticleNavigator.swift; sourceTree = "<group>"; };
/* End PBXFileReference section */

/* Begin PBXFrameworksBuildPhase section */
		1409E747288E56B40067D929 /* Frameworks */ = {
			isa = PBXFrameworksBuildPhase;
			buildActionMask = 2147483647;
			files = (
				1409E7B5288E69B70067D929 /* CombineCocoa in Frameworks */,
				1409E7A6288E592A0067D929 /* Swinet in Frameworks */,
			);
			runOnlyForDeploymentPostprocessing = 0;
		};
		1409E75D288E56B60067D929 /* Frameworks */ = {
			isa = PBXFrameworksBuildPhase;
			buildActionMask = 2147483647;
			files = (
			);
			runOnlyForDeploymentPostprocessing = 0;
		};
		1409E767288E56B60067D929 /* Frameworks */ = {
			isa = PBXFrameworksBuildPhase;
			buildActionMask = 2147483647;
			files = (
			);
			runOnlyForDeploymentPostprocessing = 0;
		};
/* End PBXFrameworksBuildPhase section */

/* Begin PBXGroup section */
		1409E741288E56B40067D929 = {
			isa = PBXGroup;
			children = (
				1409E74C288E56B40067D929 /* UIKitMVVM */,
				1409E763288E56B60067D929 /* UIKitMVVMTests */,
				1409E76D288E56B60067D929 /* UIKitMVVMUITests */,
				1409E74B288E56B40067D929 /* Products */,
			);
			sourceTree = "<group>";
		};
		1409E74B288E56B40067D929 /* Products */ = {
			isa = PBXGroup;
			children = (
				1409E74A288E56B40067D929 /* UIKitMVVM.app */,
				1409E760288E56B60067D929 /* UIKitMVVMTests.xctest */,
				1409E76A288E56B60067D929 /* UIKitMVVMUITests.xctest */,
			);
			name = Products;
			sourceTree = "<group>";
		};
		1409E74C288E56B40067D929 /* UIKitMVVM */ = {
			isa = PBXGroup;
			children = (
				1409E787288E58CD0067D929 /* Common */,
				1409E78C288E58CD0067D929 /* Network */,
				1409E799288E58CD0067D929 /* Model */,
				1409E78A288E58CD0067D929 /* Service */,
				1409E77D288E57600067D929 /* UI */,
				1409E74D288E56B40067D929 /* AppDelegate.swift */,
				1409E74F288E56B40067D929 /* SceneDelegate.swift */,
				1409E751288E56B40067D929 /* ViewController.swift */,
				1409E753288E56B40067D929 /* Main.storyboard */,
				1409E756288E56B60067D929 /* Assets.xcassets */,
				1409E758288E56B60067D929 /* LaunchScreen.storyboard */,
				1409E75B288E56B60067D929 /* Info.plist */,
			);
			path = UIKitMVVM;
			sourceTree = "<group>";
		};
		1409E763288E56B60067D929 /* UIKitMVVMTests */ = {
			isa = PBXGroup;
			children = (
				1409E764288E56B60067D929 /* UIKitMVVMTests.swift */,
			);
			path = UIKitMVVMTests;
			sourceTree = "<group>";
		};
		1409E76D288E56B60067D929 /* UIKitMVVMUITests */ = {
			isa = PBXGroup;
			children = (
				1409E76E288E56B60067D929 /* UIKitMVVMUITests.swift */,
				1409E770288E56B60067D929 /* UIKitMVVMUITestsLaunchTests.swift */,
			);
			path = UIKitMVVMUITests;
			sourceTree = "<group>";
		};
		1409E77D288E57600067D929 /* UI */ = {
			isa = PBXGroup;
			children = (
				1409E7A7288E595F0067D929 /* ArticleList */,
				1409E7B1288E5F550067D929 /* ArticleNavigator.swift */,
				1409E7AC288E59E50067D929 /* Article.storyboard */,
			);
			path = UI;
			sourceTree = "<group>";
		};
		1409E787288E58CD0067D929 /* Common */ = {
			isa = PBXGroup;
			children = (
				1409E788288E58CD0067D929 /* CodableDefault.swift */,
				1409E789288E58CD0067D929 /* Resolver.swift */,
			);
			name = Common;
			path = ../../SwiftUICleanArchitecture/SwiftUICleanArchitecture/Common;
			sourceTree = "<group>";
		};
		1409E78A288E58CD0067D929 /* Service */ = {
			isa = PBXGroup;
			children = (
				1409E78B288E58CD0067D929 /* ArticleService.swift */,
			);
			name = Service;
			path = ../../SwiftUICleanArchitecture/SwiftUICleanArchitecture/Service;
			sourceTree = "<group>";
		};
		1409E78C288E58CD0067D929 /* Network */ = {
			isa = PBXGroup;
			children = (
				1409E798288E58CD0067D929 /* NetworkConfig.swift */,
				1409E78F288E58CD0067D929 /* RestAPI.swift */,
				1409E78D288E58CD0067D929 /* Mock */,
				1409E790288E58CD0067D929 /* API */,
			);
			name = Network;
			path = ../../SwiftUICleanArchitecture/SwiftUICleanArchitecture/Network;
			sourceTree = "<group>";
		};
		1409E78D288E58CD0067D929 /* Mock */ = {
			isa = PBXGroup;
			children = (
				1409E78E288E58CD0067D929 /* searchArticles.json */,
			);
			path = Mock;
			sourceTree = "<group>";
		};
		1409E790288E58CD0067D929 /* API */ = {
			isa = PBXGroup;
			children = (
				1409E791288E58CD0067D929 /* ArticleAPI.swift */,
			);
			path = API;
			sourceTree = "<group>";
		};
		1409E799288E58CD0067D929 /* Model */ = {
			isa = PBXGroup;
			children = (
				1409E79A288E58CD0067D929 /* Article.swift */,
			);
			name = Model;
			path = ../../SwiftUICleanArchitecture/SwiftUICleanArchitecture/Model;
			sourceTree = "<group>";
		};
		1409E7A7288E595F0067D929 /* ArticleList */ = {
			isa = PBXGroup;
			children = (
				1409E7AE288E5A590067D929 /* View */,
				1409E7A8288E59790067D929 /* ArticleListViewModel.swift */,
				1409E7AA288E59BC0067D929 /* ArticleListViewController.swift */,
			);
			path = ArticleList;
			sourceTree = "<group>";
		};
		1409E7AE288E5A590067D929 /* View */ = {
			isa = PBXGroup;
			children = (
				1409E7AF288E5A7D0067D929 /* ArticleTableViewCell.swift */,
			);
			path = View;
			sourceTree = "<group>";
		};
/* End PBXGroup section */

/* Begin PBXNativeTarget section */
		1409E749288E56B40067D929 /* UIKitMVVM */ = {
			isa = PBXNativeTarget;
			buildConfigurationList = 1409E774288E56B60067D929 /* Build configuration list for PBXNativeTarget "UIKitMVVM" */;
			buildPhases = (
				1409E746288E56B40067D929 /* Sources */,
				1409E747288E56B40067D929 /* Frameworks */,
				1409E748288E56B40067D929 /* Resources */,
			);
			buildRules = (
			);
			dependencies = (
			);
			name = UIKitMVVM;
			packageProductDependencies = (
				1409E7A5288E592A0067D929 /* Swinet */,
				1409E7B4288E69B70067D929 /* CombineCocoa */,
			);
			productName = UIKitMVVM;
			productReference = 1409E74A288E56B40067D929 /* UIKitMVVM.app */;
			productType = "com.apple.product-type.application";
		};
		1409E75F288E56B60067D929 /* UIKitMVVMTests */ = {
			isa = PBXNativeTarget;
			buildConfigurationList = 1409E777288E56B60067D929 /* Build configuration list for PBXNativeTarget "UIKitMVVMTests" */;
			buildPhases = (
				1409E75C288E56B60067D929 /* Sources */,
				1409E75D288E56B60067D929 /* Frameworks */,
				1409E75E288E56B60067D929 /* Resources */,
			);
			buildRules = (
			);
			dependencies = (
				1409E762288E56B60067D929 /* PBXTargetDependency */,
			);
			name = UIKitMVVMTests;
			productName = UIKitMVVMTests;
			productReference = 1409E760288E56B60067D929 /* UIKitMVVMTests.xctest */;
			productType = "com.apple.product-type.bundle.unit-test";
		};
		1409E769288E56B60067D929 /* UIKitMVVMUITests */ = {
			isa = PBXNativeTarget;
			buildConfigurationList = 1409E77A288E56B60067D929 /* Build configuration list for PBXNativeTarget "UIKitMVVMUITests" */;
			buildPhases = (
				1409E766288E56B60067D929 /* Sources */,
				1409E767288E56B60067D929 /* Frameworks */,
				1409E768288E56B60067D929 /* Resources */,
			);
			buildRules = (
			);
			dependencies = (
				1409E76C288E56B60067D929 /* PBXTargetDependency */,
			);
			name = UIKitMVVMUITests;
			productName = UIKitMVVMUITests;
			productReference = 1409E76A288E56B60067D929 /* UIKitMVVMUITests.xctest */;
			productType = "com.apple.product-type.bundle.ui-testing";
		};
/* End PBXNativeTarget section */

/* Begin PBXProject section */
		1409E742288E56B40067D929 /* Project object */ = {
			isa = PBXProject;
			attributes = {
				BuildIndependentTargetsInParallel = 1;
				LastSwiftUpdateCheck = 1320;
				LastUpgradeCheck = 1320;
				TargetAttributes = {
					1409E749288E56B40067D929 = {
						CreatedOnToolsVersion = 13.2.1;
					};
					1409E75F288E56B60067D929 = {
						CreatedOnToolsVersion = 13.2.1;
						TestTargetID = 1409E749288E56B40067D929;
					};
					1409E769288E56B60067D929 = {
						CreatedOnToolsVersion = 13.2.1;
						TestTargetID = 1409E749288E56B40067D929;
					};
				};
			};
			buildConfigurationList = 1409E745288E56B40067D929 /* Build configuration list for PBXProject "UIKitMVVM" */;
			compatibilityVersion = "Xcode 13.0";
			developmentRegion = en;
			hasScannedForEncodings = 0;
			knownRegions = (
				en,
				Base,
			);
			mainGroup = 1409E741288E56B40067D929;
			packageReferences = (
				1409E7A4288E592A0067D929 /* XCRemoteSwiftPackageReference "Swinet" */,
				1409E7B3288E69B70067D929 /* XCRemoteSwiftPackageReference "CombineCocoa" */,
			);
			productRefGroup = 1409E74B288E56B40067D929 /* Products */;
			projectDirPath = "";
			projectRoot = "";
			targets = (
				1409E749288E56B40067D929 /* UIKitMVVM */,
				1409E75F288E56B60067D929 /* UIKitMVVMTests */,
				1409E769288E56B60067D929 /* UIKitMVVMUITests */,
			);
		};
/* End PBXProject section */

/* Begin PBXResourcesBuildPhase section */
		1409E748288E56B40067D929 /* Resources */ = {
			isa = PBXResourcesBuildPhase;
			buildActionMask = 2147483647;
			files = (
				1409E79E288E58CD0067D929 /* searchArticles.json in Resources */,
				1409E75A288E56B60067D929 /* LaunchScreen.storyboard in Resources */,
				1409E757288E56B60067D929 /* Assets.xcassets in Resources */,
				1409E7AD288E59E50067D929 /* Article.storyboard in Resources */,
				1409E755288E56B40067D929 /* Main.storyboard in Resources */,
			);
			runOnlyForDeploymentPostprocessing = 0;
		};
		1409E75E288E56B60067D929 /* Resources */ = {
			isa = PBXResourcesBuildPhase;
			buildActionMask = 2147483647;
			files = (
			);
			runOnlyForDeploymentPostprocessing = 0;
		};
		1409E768288E56B60067D929 /* Resources */ = {
			isa = PBXResourcesBuildPhase;
			buildActionMask = 2147483647;
			files = (
			);
			runOnlyForDeploymentPostprocessing = 0;
		};
/* End PBXResourcesBuildPhase section */

/* Begin PBXSourcesBuildPhase section */
		1409E746288E56B40067D929 /* Sources */ = {
			isa = PBXSourcesBuildPhase;
			buildActionMask = 2147483647;
			files = (
				1409E79C288E58CD0067D929 /* Resolver.swift in Sources */,
				1409E7B0288E5A7D0067D929 /* ArticleTableViewCell.swift in Sources */,
				1409E7B2288E5F550067D929 /* ArticleNavigator.swift in Sources */,
				1409E7A0288E58CD0067D929 /* ArticleAPI.swift in Sources */,
				1409E752288E56B40067D929 /* ViewController.swift in Sources */,
				1409E79F288E58CD0067D929 /* RestAPI.swift in Sources */,
				1409E7A3288E58CD0067D929 /* Article.swift in Sources */,
				1409E79D288E58CD0067D929 /* ArticleService.swift in Sources */,
				1409E74E288E56B40067D929 /* AppDelegate.swift in Sources */,
				1409E79B288E58CD0067D929 /* CodableDefault.swift in Sources */,
				1409E750288E56B40067D929 /* SceneDelegate.swift in Sources */,
				1409E7AB288E59BC0067D929 /* ArticleListViewController.swift in Sources */,
				1409E7A9288E59790067D929 /* ArticleListViewModel.swift in Sources */,
				1409E7A2288E58CD0067D929 /* NetworkConfig.swift in Sources */,
			);
			runOnlyForDeploymentPostprocessing = 0;
		};
		1409E75C288E56B60067D929 /* Sources */ = {
			isa = PBXSourcesBuildPhase;
			buildActionMask = 2147483647;
			files = (
				1409E765288E56B60067D929 /* UIKitMVVMTests.swift in Sources */,
			);
			runOnlyForDeploymentPostprocessing = 0;
		};
		1409E766288E56B60067D929 /* Sources */ = {
			isa = PBXSourcesBuildPhase;
			buildActionMask = 2147483647;
			files = (
				1409E76F288E56B60067D929 /* UIKitMVVMUITests.swift in Sources */,
				1409E771288E56B60067D929 /* UIKitMVVMUITestsLaunchTests.swift in Sources */,
			);
			runOnlyForDeploymentPostprocessing = 0;
		};
/* End PBXSourcesBuildPhase section */

/* Begin PBXTargetDependency section */
		1409E762288E56B60067D929 /* PBXTargetDependency */ = {
			isa = PBXTargetDependency;
			target = 1409E749288E56B40067D929 /* UIKitMVVM */;
			targetProxy = 1409E761288E56B60067D929 /* PBXContainerItemProxy */;
		};
		1409E76C288E56B60067D929 /* PBXTargetDependency */ = {
			isa = PBXTargetDependency;
			target = 1409E749288E56B40067D929 /* UIKitMVVM */;
			targetProxy = 1409E76B288E56B60067D929 /* PBXContainerItemProxy */;
		};
/* End PBXTargetDependency section */

/* Begin PBXVariantGroup section */
		1409E753288E56B40067D929 /* Main.storyboard */ = {
			isa = PBXVariantGroup;
			children = (
				1409E754288E56B40067D929 /* Base */,
			);
			name = Main.storyboard;
			sourceTree = "<group>";
		};
		1409E758288E56B60067D929 /* LaunchScreen.storyboard */ = {
			isa = PBXVariantGroup;
			children = (
				1409E759288E56B60067D929 /* Base */,
			);
			name = LaunchScreen.storyboard;
			sourceTree = "<group>";
		};
/* End PBXVariantGroup section */

/* Begin XCBuildConfiguration section */
		1409E772288E56B60067D929 /* Debug */ = {
			isa = XCBuildConfiguration;
			buildSettings = {
				ALWAYS_SEARCH_USER_PATHS = NO;
				CLANG_ANALYZER_NONNULL = YES;
				CLANG_ANALYZER_NUMBER_OBJECT_CONVERSION = YES_AGGRESSIVE;
				CLANG_CXX_LANGUAGE_STANDARD = "gnu++17";
				CLANG_CXX_LIBRARY = "libc++";
				CLANG_ENABLE_MODULES = YES;
				CLANG_ENABLE_OBJC_ARC = YES;
				CLANG_ENABLE_OBJC_WEAK = YES;
				CLANG_WARN_BLOCK_CAPTURE_AUTORELEASING = YES;
				CLANG_WARN_BOOL_CONVERSION = YES;
				CLANG_WARN_COMMA = YES;
				CLANG_WARN_CONSTANT_CONVERSION = YES;
				CLANG_WARN_DEPRECATED_OBJC_IMPLEMENTATIONS = YES;
				CLANG_WARN_DIRECT_OBJC_ISA_USAGE = YES_ERROR;
				CLANG_WARN_DOCUMENTATION_COMMENTS = YES;
				CLANG_WARN_EMPTY_BODY = YES;
				CLANG_WARN_ENUM_CONVERSION = YES;
				CLANG_WARN_INFINITE_RECURSION = YES;
				CLANG_WARN_INT_CONVERSION = YES;
				CLANG_WARN_NON_LITERAL_NULL_CONVERSION = YES;
				CLANG_WARN_OBJC_IMPLICIT_RETAIN_SELF = YES;
				CLANG_WARN_OBJC_LITERAL_CONVERSION = YES;
				CLANG_WARN_OBJC_ROOT_CLASS = YES_ERROR;
				CLANG_WARN_QUOTED_INCLUDE_IN_FRAMEWORK_HEADER = YES;
				CLANG_WARN_RANGE_LOOP_ANALYSIS = YES;
				CLANG_WARN_STRICT_PROTOTYPES = YES;
				CLANG_WARN_SUSPICIOUS_MOVE = YES;
				CLANG_WARN_UNGUARDED_AVAILABILITY = YES_AGGRESSIVE;
				CLANG_WARN_UNREACHABLE_CODE = YES;
				CLANG_WARN__DUPLICATE_METHOD_MATCH = YES;
				COPY_PHASE_STRIP = NO;
				DEBUG_INFORMATION_FORMAT = dwarf;
				ENABLE_STRICT_OBJC_MSGSEND = YES;
				ENABLE_TESTABILITY = YES;
				GCC_C_LANGUAGE_STANDARD = gnu11;
				GCC_DYNAMIC_NO_PIC = NO;
				GCC_NO_COMMON_BLOCKS = YES;
				GCC_OPTIMIZATION_LEVEL = 0;
				GCC_PREPROCESSOR_DEFINITIONS = (
					"DEBUG=1",
					"$(inherited)",
				);
				GCC_WARN_64_TO_32_BIT_CONVERSION = YES;
				GCC_WARN_ABOUT_RETURN_TYPE = YES_ERROR;
				GCC_WARN_UNDECLARED_SELECTOR = YES;
				GCC_WARN_UNINITIALIZED_AUTOS = YES_AGGRESSIVE;
				GCC_WARN_UNUSED_FUNCTION = YES;
				GCC_WARN_UNUSED_VARIABLE = YES;
				IPHONEOS_DEPLOYMENT_TARGET = 15.2;
				MTL_ENABLE_DEBUG_INFO = INCLUDE_SOURCE;
				MTL_FAST_MATH = YES;
				ONLY_ACTIVE_ARCH = YES;
				SDKROOT = iphoneos;
				SWIFT_ACTIVE_COMPILATION_CONDITIONS = DEBUG;
				SWIFT_OPTIMIZATION_LEVEL = "-Onone";
			};
			name = Debug;
		};
		1409E773288E56B60067D929 /* Release */ = {
			isa = XCBuildConfiguration;
			buildSettings = {
				ALWAYS_SEARCH_USER_PATHS = NO;
				CLANG_ANALYZER_NONNULL = YES;
				CLANG_ANALYZER_NUMBER_OBJECT_CONVERSION = YES_AGGRESSIVE;
				CLANG_CXX_LANGUAGE_STANDARD = "gnu++17";
				CLANG_CXX_LIBRARY = "libc++";
				CLANG_ENABLE_MODULES = YES;
				CLANG_ENABLE_OBJC_ARC = YES;
				CLANG_ENABLE_OBJC_WEAK = YES;
				CLANG_WARN_BLOCK_CAPTURE_AUTORELEASING = YES;
				CLANG_WARN_BOOL_CONVERSION = YES;
				CLANG_WARN_COMMA = YES;
				CLANG_WARN_CONSTANT_CONVERSION = YES;
				CLANG_WARN_DEPRECATED_OBJC_IMPLEMENTATIONS = YES;
				CLANG_WARN_DIRECT_OBJC_ISA_USAGE = YES_ERROR;
				CLANG_WARN_DOCUMENTATION_COMMENTS = YES;
				CLANG_WARN_EMPTY_BODY = YES;
				CLANG_WARN_ENUM_CONVERSION = YES;
				CLANG_WARN_INFINITE_RECURSION = YES;
				CLANG_WARN_INT_CONVERSION = YES;
				CLANG_WARN_NON_LITERAL_NULL_CONVERSION = YES;
				CLANG_WARN_OBJC_IMPLICIT_RETAIN_SELF = YES;
				CLANG_WARN_OBJC_LITERAL_CONVERSION = YES;
				CLANG_WARN_OBJC_ROOT_CLASS = YES_ERROR;
				CLANG_WARN_QUOTED_INCLUDE_IN_FRAMEWORK_HEADER = YES;
				CLANG_WARN_RANGE_LOOP_ANALYSIS = YES;
				CLANG_WARN_STRICT_PROTOTYPES = YES;
				CLANG_WARN_SUSPICIOUS_MOVE = YES;
				CLANG_WARN_UNGUARDED_AVAILABILITY = YES_AGGRESSIVE;
				CLANG_WARN_UNREACHABLE_CODE = YES;
				CLANG_WARN__DUPLICATE_METHOD_MATCH = YES;
				COPY_PHASE_STRIP = NO;
				DEBUG_INFORMATION_FORMAT = "dwarf-with-dsym";
				ENABLE_NS_ASSERTIONS = NO;
				ENABLE_STRICT_OBJC_MSGSEND = YES;
				GCC_C_LANGUAGE_STANDARD = gnu11;
				GCC_NO_COMMON_BLOCKS = YES;
				GCC_WARN_64_TO_32_BIT_CONVERSION = YES;
				GCC_WARN_ABOUT_RETURN_TYPE = YES_ERROR;
				GCC_WARN_UNDECLARED_SELECTOR = YES;
				GCC_WARN_UNINITIALIZED_AUTOS = YES_AGGRESSIVE;
				GCC_WARN_UNUSED_FUNCTION = YES;
				GCC_WARN_UNUSED_VARIABLE = YES;
				IPHONEOS_DEPLOYMENT_TARGET = 15.2;
				MTL_ENABLE_DEBUG_INFO = NO;
				MTL_FAST_MATH = YES;
				SDKROOT = iphoneos;
				SWIFT_COMPILATION_MODE = wholemodule;
				SWIFT_OPTIMIZATION_LEVEL = "-O";
				VALIDATE_PRODUCT = YES;
			};
			name = Release;
		};
		1409E775288E56B60067D929 /* Debug */ = {
			isa = XCBuildConfiguration;
			buildSettings = {
				ASSETCATALOG_COMPILER_APPICON_NAME = AppIcon;
				ASSETCATALOG_COMPILER_GLOBAL_ACCENT_COLOR_NAME = AccentColor;
				CODE_SIGN_STYLE = Automatic;
				CURRENT_PROJECT_VERSION = 1;
				GENERATE_INFOPLIST_FILE = YES;
				INFOPLIST_FILE = UIKitMVVM/Info.plist;
				INFOPLIST_KEY_UIApplicationSupportsIndirectInputEvents = YES;
				INFOPLIST_KEY_UILaunchStoryboardName = LaunchScreen;
				INFOPLIST_KEY_UIMainStoryboardFile = Main;
				INFOPLIST_KEY_UISupportedInterfaceOrientations_iPad = "UIInterfaceOrientationPortrait UIInterfaceOrientationPortraitUpsideDown UIInterfaceOrientationLandscapeLeft UIInterfaceOrientationLandscapeRight";
				INFOPLIST_KEY_UISupportedInterfaceOrientations_iPhone = "UIInterfaceOrientationPortrait UIInterfaceOrientationLandscapeLeft UIInterfaceOrientationLandscapeRight";
				IPHONEOS_DEPLOYMENT_TARGET = 15.0;
				LD_RUNPATH_SEARCH_PATHS = (
					"$(inherited)",
					"@executable_path/Frameworks",
				);
				MARKETING_VERSION = 1.0;
				PRODUCT_BUNDLE_IDENTIFIER = com.dinhquan.UIKitMVVM;
				PRODUCT_NAME = "$(TARGET_NAME)";
				SWIFT_EMIT_LOC_STRINGS = YES;
				SWIFT_VERSION = 5.0;
				TARGETED_DEVICE_FAMILY = "1,2";
			};
			name = Debug;
		};
		1409E776288E56B60067D929 /* Release */ = {
			isa = XCBuildConfiguration;
			buildSettings = {
				ASSETCATALOG_COMPILER_APPICON_NAME = AppIcon;
				ASSETCATALOG_COMPILER_GLOBAL_ACCENT_COLOR_NAME = AccentColor;
				CODE_SIGN_STYLE = Automatic;
				CURRENT_PROJECT_VERSION = 1;
				GENERATE_INFOPLIST_FILE = YES;
				INFOPLIST_FILE = UIKitMVVM/Info.plist;
				INFOPLIST_KEY_UIApplicationSupportsIndirectInputEvents = YES;
				INFOPLIST_KEY_UILaunchStoryboardName = LaunchScreen;
				INFOPLIST_KEY_UIMainStoryboardFile = Main;
				INFOPLIST_KEY_UISupportedInterfaceOrientations_iPad = "UIInterfaceOrientationPortrait UIInterfaceOrientationPortraitUpsideDown UIInterfaceOrientationLandscapeLeft UIInterfaceOrientationLandscapeRight";
				INFOPLIST_KEY_UISupportedInterfaceOrientations_iPhone = "UIInterfaceOrientationPortrait UIInterfaceOrientationLandscapeLeft UIInterfaceOrientationLandscapeRight";
				IPHONEOS_DEPLOYMENT_TARGET = 15.0;
				LD_RUNPATH_SEARCH_PATHS = (
					"$(inherited)",
					"@executable_path/Frameworks",
				);
				MARKETING_VERSION = 1.0;
				PRODUCT_BUNDLE_IDENTIFIER = com.dinhquan.UIKitMVVM;
				PRODUCT_NAME = "$(TARGET_NAME)";
				SWIFT_EMIT_LOC_STRINGS = YES;
				SWIFT_VERSION = 5.0;
				TARGETED_DEVICE_FAMILY = "1,2";
			};
			name = Release;
		};
		1409E778288E56B60067D929 /* Debug */ = {
			isa = XCBuildConfiguration;
			buildSettings = {
				ALWAYS_EMBED_SWIFT_STANDARD_LIBRARIES = YES;
				BUNDLE_LOADER = "$(TEST_HOST)";
				CODE_SIGN_STYLE = Automatic;
				CURRENT_PROJECT_VERSION = 1;
				GENERATE_INFOPLIST_FILE = YES;
				IPHONEOS_DEPLOYMENT_TARGET = 15.2;
				MARKETING_VERSION = 1.0;
				PRODUCT_BUNDLE_IDENTIFIER = com.dinhquan.UIKitMVVMTests;
				PRODUCT_NAME = "$(TARGET_NAME)";
				SWIFT_EMIT_LOC_STRINGS = NO;
				SWIFT_VERSION = 5.0;
				TARGETED_DEVICE_FAMILY = "1,2";
				TEST_HOST = "$(BUILT_PRODUCTS_DIR)/UIKitMVVM.app/UIKitMVVM";
			};
			name = Debug;
		};
		1409E779288E56B60067D929 /* Release */ = {
			isa = XCBuildConfiguration;
			buildSettings = {
				ALWAYS_EMBED_SWIFT_STANDARD_LIBRARIES = YES;
				BUNDLE_LOADER = "$(TEST_HOST)";
				CODE_SIGN_STYLE = Automatic;
				CURRENT_PROJECT_VERSION = 1;
				GENERATE_INFOPLIST_FILE = YES;
				IPHONEOS_DEPLOYMENT_TARGET = 15.2;
				MARKETING_VERSION = 1.0;
				PRODUCT_BUNDLE_IDENTIFIER = com.dinhquan.UIKitMVVMTests;
				PRODUCT_NAME = "$(TARGET_NAME)";
				SWIFT_EMIT_LOC_STRINGS = NO;
				SWIFT_VERSION = 5.0;
				TARGETED_DEVICE_FAMILY = "1,2";
				TEST_HOST = "$(BUILT_PRODUCTS_DIR)/UIKitMVVM.app/UIKitMVVM";
			};
			name = Release;
		};
		1409E77B288E56B60067D929 /* Debug */ = {
			isa = XCBuildConfiguration;
			buildSettings = {
				ALWAYS_EMBED_SWIFT_STANDARD_LIBRARIES = YES;
				CODE_SIGN_STYLE = Automatic;
				CURRENT_PROJECT_VERSION = 1;
				GENERATE_INFOPLIST_FILE = YES;
				MARKETING_VERSION = 1.0;
				PRODUCT_BUNDLE_IDENTIFIER = com.dinhquan.UIKitMVVMUITests;
				PRODUCT_NAME = "$(TARGET_NAME)";
				SWIFT_EMIT_LOC_STRINGS = NO;
				SWIFT_VERSION = 5.0;
				TARGETED_DEVICE_FAMILY = "1,2";
				TEST_TARGET_NAME = UIKitMVVM;
			};
			name = Debug;
		};
		1409E77C288E56B60067D929 /* Release */ = {
			isa = XCBuildConfiguration;
			buildSettings = {
				ALWAYS_EMBED_SWIFT_STANDARD_LIBRARIES = YES;
				CODE_SIGN_STYLE = Automatic;
				CURRENT_PROJECT_VERSION = 1;
				GENERATE_INFOPLIST_FILE = YES;
				MARKETING_VERSION = 1.0;
				PRODUCT_BUNDLE_IDENTIFIER = com.dinhquan.UIKitMVVMUITests;
				PRODUCT_NAME = "$(TARGET_NAME)";
				SWIFT_EMIT_LOC_STRINGS = NO;
				SWIFT_VERSION = 5.0;
				TARGETED_DEVICE_FAMILY = "1,2";
				TEST_TARGET_NAME = UIKitMVVM;
			};
			name = Release;
		};
/* End XCBuildConfiguration section */

/* Begin XCConfigurationList section */
		1409E745288E56B40067D929 /* Build configuration list for PBXProject "UIKitMVVM" */ = {
			isa = XCConfigurationList;
			buildConfigurations = (
				1409E772288E56B60067D929 /* Debug */,
				1409E773288E56B60067D929 /* Release */,
			);
			defaultConfigurationIsVisible = 0;
			defaultConfigurationName = Release;
		};
		1409E774288E56B60067D929 /* Build configuration list for PBXNativeTarget "UIKitMVVM" */ = {
			isa = XCConfigurationList;
			buildConfigurations = (
				1409E775288E56B60067D929 /* Debug */,
				1409E776288E56B60067D929 /* Release */,
			);
			defaultConfigurationIsVisible = 0;
			defaultConfigurationName = Release;
		};
		1409E777288E56B60067D929 /* Build configuration list for PBXNativeTarget "UIKitMVVMTests" */ = {
			isa = XCConfigurationList;
			buildConfigurations = (
				1409E778288E56B60067D929 /* Debug */,
				1409E779288E56B60067D929 /* Release */,
			);
			defaultConfigurationIsVisible = 0;
			defaultConfigurationName = Release;
		};
		1409E77A288E56B60067D929 /* Build configuration list for PBXNativeTarget "UIKitMVVMUITests" */ = {
			isa = XCConfigurationList;
			buildConfigurations = (
				1409E77B288E56B60067D929 /* Debug */,
				1409E77C288E56B60067D929 /* Release */,
			);
			defaultConfigurationIsVisible = 0;
			defaultConfigurationName = Release;
		};
/* End XCConfigurationList section */

/* Begin XCRemoteSwiftPackageReference section */
		1409E7A4288E592A0067D929 /* XCRemoteSwiftPackageReference "Swinet" */ = {
			isa = XCRemoteSwiftPackageReference;
			repositoryURL = "https://github.com/dinhquan/Swinet";
			requirement = {
				kind = upToNextMajorVersion;
				minimumVersion = 1.0.0;
			};
		};
		1409E7B3288E69B70067D929 /* XCRemoteSwiftPackageReference "CombineCocoa" */ = {
			isa = XCRemoteSwiftPackageReference;
			repositoryURL = "https://github.com/CombineCommunity/CombineCocoa";
			requirement = {
				kind = upToNextMajorVersion;
				minimumVersion = 0.4.0;
			};
		};
/* End XCRemoteSwiftPackageReference section */

/* Begin XCSwiftPackageProductDependency section */
		1409E7A5288E592A0067D929 /* Swinet */ = {
			isa = XCSwiftPackageProductDependency;
			package = 1409E7A4288E592A0067D929 /* XCRemoteSwiftPackageReference "Swinet" */;
			productName = Swinet;
		};
		1409E7B4288E69B70067D929 /* CombineCocoa */ = {
			isa = XCSwiftPackageProductDependency;
			package = 1409E7B3288E69B70067D929 /* XCRemoteSwiftPackageReference "CombineCocoa" */;
			productName = CombineCocoa;
		};
/* End XCSwiftPackageProductDependency section */
	};
	rootObject = 1409E742288E56B40067D929 /* Project object */;
}
